{
  "requires": true,
  "lockfileVersion": 1,
  "dependencies": {
    "systemjs": {
      "version": "6.9.0",
      "resolved": "https://registry.npmjs.org/systemjs/-/systemjs-6.9.0.tgz",
      "integrity": "sha512-THLzcb7WzoW0I+tHB4PQge0BqqN+CAUQJ9gPc1MieqD1gnhxNUKYrhRlN5ov94saOYVVR5NZFQqQhnxi9/WEGg=="
    }
  }
}
